{
    "_meta": {
        "hash": {
            "sha256": "1c116f10a1a0639aa3bfb45783e4a2ec29a189edff85464c08181223817e7c45"
        },
        "pipfile-spec": 6,
        "requires": {
            "python_version": "3.13"
        },
        "sources": [
            {
                "name": "pypi",
                "url": "https://pypi.org/simple",
                "verify_ssl": true
            }
        ]
    },
    "default": {
        "capstone": {
            "hashes": [
                "sha256:0358855773100bb91ae6681fabce7299df83156945ba943f6211061a592c54a6",
                "sha256:0bca16e1c3ca1b928df6103b3889dcb6df7b05392d75a0b7af3508798148b899",
                "sha256:22f1f2f118f8fa1d1c5c90bca90e75864d55e16349b3c03aaea0e86b4a45d2a9",
                "sha256:45c0e25500dd8d283d3b70f2e10cebfec93ab8bdaf6af9a763a0a999b4705891",
                "sha256:539191906a34ad1c573ec12b787b2caf154ea41175db6ded9def00aea8151099",
                "sha256:667d6466dab1522fa5e9659be5cf1aca83e4fc3da7d15d0e5e6047f71fb46c4a",
                "sha256:761c3deae00b22ac697081cdae1383bb90659dd0d79387a09cf5bdbb22b17064",
                "sha256:b11a87d67751b006b9b44428d59c99512e6d6c89cf7dff8cdd92d9065628b5a0",
                "sha256:bc23cf634f51d0e53bdd04ea53ccfff7fc9060dfe58dff1e1b260ce40e5538ff",
                "sha256:e0b87b283905e4fc43635ca04cf26f4a5d9e8375852e5464d38938f3a28c207a",
                "sha256:fa7892f0c89455078c18f07d2d309fb07baa53061b8f9a63db1ea00d41a46726"
            ],
            "index": "pypi",
            "markers": "python_version >= '3.8'",
            "version": "==5.0.6"
        },
        "pefile": {
            "hashes": [
                "sha256:3ff6c5d8b43e8c37bb6e6dd5085658d658a7a0bdcd20b6a07b1fcfc1c4e9d632",
                "sha256:76f8b485dcd3b1bb8166f1128d395fa3d87af26360c2358fb75b80019b957c6f"
            ],
            "index": "pypi",
            "markers": "python_full_version >= '3.6.0'",
            "version": "==2024.8.26"
        },
        "pyqt5": {
            "hashes": [
                "sha256:6cd75628f6e732b1ffcfe709ab833a0716c0445d7aec8046a48d5843352becb6",
                "sha256:76be0322ceda5deecd1708a8d628e698089a1cea80d1a49d242a6d579a40babd",
                "sha256:bdde598a3bb95022131a5c9ea62e0a96bd6fb28932cc1619fd7ba211531b7517",
                "sha256:c8b03dd9380bb13c804f0bdb0f4956067f281785b5e12303d529f0462f9afdc2",
                "sha256:cd672a6738d1ae33ef7d9efa8e6cb0a1525ecf53ec86da80a9e1b6ec38c8d0f1",
                "sha256:fda45743ebb4a27b4b1a51c6d8ef455c4c1b5d610c90d2934c7802b5c1557c52"
            ],
            "index": "pypi",
            "markers": "python_version >= '3.8'",
            "version": "==5.15.11"
        },
        "pyqt5-qt5": {
            "hashes": [
                "sha256:b018f75d1cc61146396fa5af14da1db77c5d6318030e5e366f09ffdf7bd358d8",
                "sha256:b68628f9b8261156f91d2f72ebc8dfb28697c4b83549245d9a68195bd2d74f0c",
                "sha256:d8b8094108e748b4bbd315737cfed81291d2d228de43278f0b8bd7d2b808d2b9"
            ],
            "version": "==5.15.17"
        },
        "pyqt5-sip": {
            "hashes": [
                "sha256:023466ae96f72fbb8419b44c3f97475de6642fa5632520d0f50fc1a52a3e8200",
                "sha256:0c75d28b8282be3c1d7dbc76950d6e6eba1e334783224e9b9835ce1a9c64f482",
                "sha256:2c912807dd638644168ea8c7a447bfd9d85a19471b98c2c588c4d2e911c09b0a",
                "sha256:2f2a8dcc7626fe0da73a0918e05ce2460c7a14ddc946049310e6e35052105434",
                "sha256:32b03e7e77ecd7b4119eba486b0706fa59b490bcceb585f9b6ddec8a582082db",
                "sha256:351beab964a19f5671b2a3e816ecf4d3543a99a7e0650f88a947fea251a7589f",
                "sha256:419b9027e92b0b707632c370cfc6dc1f3b43c6313242fc4db57a537029bd179c",
                "sha256:4a92478d6808040fbe614bb61500fbb3f19f72714b99369ec28d26a7e3494115",
                "sha256:54c31de7706d8a9a8c0fc3ea2c70468aba54b027d4974803f8eace9c22aad41c",
                "sha256:5b6c734f4ad28f3defac4890ed747d391d246af279200935d49953bc7d915b8c",
                "sha256:672c209d05661fab8e17607c193bf43991d268a1eefbc2c4551fbf30fd8bb2ca",
                "sha256:682dadcdbd2239af9fdc0c0628e2776b820e128bec88b49b8d692fe682f90b4f",
                "sha256:71514a7d43b44faa1d65a74ad2c5da92c03a251bdc749f009c313f06cceacc9a",
                "sha256:855e8f5787d57e26a48d8c3de1220a8e92ab83be8d73966deac62fdae03ea2f9",
                "sha256:8c4bc535bae0dfa764e8534e893619fe843ce5a2e25f901c439bcb960114f686",
                "sha256:b0ff280b28813e9bfd3a4de99490739fc29b776dc48f1c849caca7239a10fc8b",
                "sha256:c7a7ff355e369616b6bcb41d45b742327c104b2bf1674ec79b8d67f8f2fa9543",
                "sha256:d65a9c1b4cbbd8e856254609f56e897d2cb5c903f77b75fb720cb3a32c76b92b",
                "sha256:ea08341c8a5da00c81df0d689ecd4ee47a95e1ecad9e362581c92513f2068005",
                "sha256:ec47914cc751608e587c1c2fdabeaf4af7fdc28b9f62796c583bea01c1a1aa3e",
                "sha256:fb565469d08dcb0a427def0c45e722323beb62db79454260482b6948bfd52d47"
            ],
            "markers": "python_version >= '3.9'",
            "version": "==12.17.0"
        },
        "unicorn": {
            "hashes": [
                "sha256:0458880af4230c0c68d7f8a0c81af79fa6cbe6ceafaa25402383e615587b282e",
                "sha256:0b25012675d4fff4713eff3a8b7ce39ac37ea091cc4e23f5d5b0b2e1666151fd",
                "sha256:0c06456cf550c228f2003cc70366afa4aece2e6e7e4c32d8f4b22c717ba6b729",
                "sha256:0e71a92f636225f5dd66e6119460b17d41cae45d3a612dbce4d80f7302a07e16",
                "sha256:141031e717e1c899a9276282990734f9667abc932720d3e2a22649db151ee0c4",
                "sha256:14aac20807d76378f0eb76f68198948297de602c1c2f48a6c9ffa7a86b9b9d71",
                "sha256:1b23084ab42fa32ce8758004ce8f3eebbd70106ca6c6deb438a292d5107f01d6",
                "sha256:1f218e51ed5e9047575ef6200a6acfacf3ee545e3a9df905445a01101399296e",
                "sha256:1fe4ddd6a0d6fd8228889857afa2b3bde1062b2c2fd3447eeef9095d6b28026e",
                "sha256:2752d4509aaff2b8f25747449f19b04870d5e0e2300953cb1cdae0d90e00ce8b",
                "sha256:2a579338c808976c46371f5b0916056edaff3d68a39c1f862e5f9437826d5528",
                "sha256:2a91edb97eb9ff4f205af5c2e54e802a832e57a4b54d82d2598adfd08d48101c",
                "sha256:2abeb1cc6246d06d193a4f66de3795a53228a7e5f61720a9c061331bb7cb9aed",
                "sha256:3668a0615560d2b70f7d4dee115a844c205aa7a5a5537ec7ab6c08af1796efa9",
                "sha256:38b40ccfe1f1a7a8c33491ee549ab20e443d17ec58834cf46349f1478affccaf",
                "sha256:430569c59fd13ab844c0bebef964fd932f7f38a455f92543d6d22a1debfab523",
                "sha256:48bcf3e9764812bb4a0cd11c394dd1f539664a5800aa0ab28678d44a75f48869",
                "sha256:4c51a275ae50d114355dea7bff025d9ed7292b0cb225f47f25cbb0f7fef4540c",
                "sha256:4f27bcd657066cf69eb930d9e9321174a0246093f870f162a4184f2b80751ce5",
                "sha256:504d9dd77f9030e6b5f09a623e22408c472b001fd2d1edc0c196f1f55174ff73",
                "sha256:508df7e9aacacd6ce07d7eba5dc47b6d16dfcab2419902cc0f309c8f5f33a66d",
                "sha256:57ea6ceb50074e0cb48d34fec4a7bea0a9923c86aa64d1c205a1804f87d07787",
                "sha256:593d4e83774b6d690dbbfd1c0d1a1b598fac8315ffee25e292933a956ea126b6",
                "sha256:65663784cebf491ceaa92f6afb24df9434843d6b7e1833f7ffe4589b35fd4e36",
                "sha256:666e21134d4d14b343e930624fed9338bf7df4a3c4ed03ec9e9e28a532d61ad8",
                "sha256:67d0462f66ba961079728ff74eaf8233fba48dadea80313c0dad5ac4ba8a80be",
                "sha256:6ca6fec8fd26415e73af77f11c3c790094d58c06aaae14718389663c738bd6b5",
                "sha256:6cbf99c139a238ee6ccfaadea35e65a88461c0ae0dcf78058c8266ff90f8866c",
                "sha256:6d25f31334c10a82fd6b2ae9569419bf6f53dd9244ab38685a1cebd46388e34f",
                "sha256:6fe8ae0d67adc5efeb3658d0f4f36dd33f7b4abdfe5b39cdb9dd4bf63ab7fe6b",
                "sha256:7901fd0da686bf516b40726c52cea6885c8e7ba062af47b2d2d949705113821d",
                "sha256:7b97628094de6b98830a5c3fddb919722053b04b6b6af448c46c8728bf1f24c7",
                "sha256:7ba353f3e9fcb46a8cf0175118f51a3b06230da151ec77ff58f4c3cd51249933",
                "sha256:7ff9c0477cdb1ea39b6795dd37acb880fdded5a0dc5793a18a5f508d99bcf645",
                "sha256:816d4cf57ae2a86640b66b83fa1ee0e761a6a39e82d62dbfb7ec27d3f0086189",
                "sha256:83c42310d20389ab670631407372684a0fbddae6a05665e7b3452db01a02682d",
                "sha256:8a0691e21a6a599217164728dabbf677993a63a7db975a9ed358b1fed3d557c9",
                "sha256:8a1ab8152d3ff04ea1bcfb907836116c82a215833e1ba445d5ae982c7b25bd1c",
                "sha256:8a5dac317de1fa1f61884826a353ea9e9b3e9ec8dc25b07a8526b82d4750402e",
                "sha256:8b24d10474ae2d4c22bf352751d6170269d5b2b1d65a4a0f8576ea52db9988d9",
                "sha256:8b93230c851dc679b3ad37d4c376d0f8ba585177e3acd3eddfea8cc13d39084a",
                "sha256:9c29461185af8c9b82b787b9babe3dc78924bc7d9d13a85f1f5a6dbdd138b250",
                "sha256:9dd1a93d216cced21f330c8d6174b0ad0fd416541b7b6ff2a9148ba43d706d44",
                "sha256:a3450fd7042afdaeb0aa9412cc10fc8560f204b2dea4784f4f1338159c93fe9c",
                "sha256:a44444847f90fc4d5c3548651cad969179d22e986753d727cfa6ec86f96d262f",
                "sha256:a7d0cb2fd742a0914e3dfb52a41b255bdd31937ab2da449dd750ad4cc0558407",
                "sha256:a8e7b9396a7b76503b1d32c4b83d35e03e8b2ee81e80a2c7aee77dac7b71f25c",
                "sha256:aae64ef946404275e7776e873c5621f6988915bc6813e3b272cad7b68a1c9ed5",
                "sha256:b7109a6f3c70779359cb73c4448defec1628b9c9c101d7e604ba1537e96de988",
                "sha256:bfa253f5d40c4c395d7a4606cadf44b0edd05245ff62ca50d9c54f7fdf2328a4",
                "sha256:c355126e474cea5de058f9b1c7413f1ed7ba641122dac8f47bfdd577eaeb6359",
                "sha256:c6699453167b1abc98e6dc13728568b383b3d02acd4ec8b5d0189c522bd90522",
                "sha256:ca2ccf27be3dde41365994ecc1a5f591d9f2ed0ace0d27aad0eeac10877757e8",
                "sha256:cc9d2b422993baa314c124f81918b9be5fb814301c8dd48a3c2b91c847951936",
                "sha256:cd0cecb9b57a0d248bedd45d8afbfc0336c3030b8d03ba3cd7c79066d7452436",
                "sha256:ce4eb49a65528b699bb82fc4f7b8cdf3400a1498e22aa14314f555872fc5310e",
                "sha256:cea0462b08e94a6b5764692b47ffa6bf2cb6d47fecd6939c874da5165dbd4ba6",
                "sha256:d2385a0f1b43bee5c0efe40d7f42d4bd28823e2cbf49a57abf0667ea94202aba",
                "sha256:dabf178a2ad5894556258d38ed9d9b9c3adca4ced10ee3d3ace772b47d02b1c8",
                "sha256:dd29c8c86fea78bd228993d8d0a7d812d8c2635421e32b8840b806067cc1c72f",
                "sha256:de97f9ccc010d2103083a42d548192de06b94766d1367187f0bf91cfd08d6cbf",
                "sha256:e0d668af5ed39f2cdcdfcb4e55f6c6e8e16af1031c092e9f7a14a6aaf067639d",
                "sha256:e521a87eb8a16a7513815d88b4bacb724d828be452c140bd5d2d424f2e5a1ec0",
                "sha256:e5b2f93cffbf2e7f572606ed4f873541e3616c39ed89bf8793180f4a52ab845d",
                "sha256:e86b20464b1332248b22185b06fe5a56d4913648f9a41e7286ca83b3fc443747",
                "sha256:ec343e64e11eb954a99ea3c5502d01aecea5014c95c23ddaf7da50cb988dec1b",
                "sha256:ed1c489de67736d58f3c16da42227d1b65d5d5ee83eabd42d303d68a9523cfd1",
                "sha256:f21e05586d48414eb53a8b6a6a79f162d58feffe31a2537816665bf4d0f188ea",
                "sha256:f6a4da42718a406048f7dc9cc139e1817781ab3986da153c68fdc0a58217965f",
                "sha256:f6d8fcd81273ecd8e4c9d3714b85a2b2c66af35fa88b62f67618c433a8164cd3",
                "sha256:f903d5b50fdc1855b30ad5a95063e1086a8a70a279ed8e62c979e7870e68be48",
                "sha256:ff37f0307f78d1fd43420790307d684f36f56d5d8b1ad102986f99bcbfb03ecb",
                "sha256:ffe5d4b4d163aedf53540f9557c06a263fc2b491242978721b97717da27593a6"
            ],
            "index": "pypi",
            "markers": "python_version >= '2.7' and python_version not in '3.0, 3.1, 3.2, 3.3, 3.4, 3.5, 3.6'",
            "version": "==2.1.3"
        }
    },
    "develop": {}
}
